
Microsoft Visual Studio Solution File, Format Version 12.00
# Visual Studio Version 16
VisualStudioVersion = 16.0.30011.22
MinimumVisualStudioVersion = 10.0.40219.1
Project("{FAE04EC0-301F-11D3-BF4B-00C04F79EFBC}") = "Certsys_TestePratico", "Certsys_TestePratico.csproj", "{6250C3E5-24A4-4F18-B1B9-DA5B97CF7086}"
EndProject
Project("{FAE04EC0-301F-11D3-BF4B-00C04F79EFBC}") = "TestCalculos", "TestCalculos\TestCalculos.csproj", "{D41C6CD2-74CB-460D-9910-7DC38D348953}"
EndProject
Project("{FAE04EC0-301F-11D3-BF4B-00C04F79EFBC}") = "Calculos", "..\Calculos\Calculos.csproj", "{A53E41CA-2ABF-4358-AF50-852035A5A3CE}"
EndProject
Project("{FAE04EC0-301F-11D3-BF4B-00C04F79EFBC}") = "Certsys.Domain", "Certsys.Domain\Certsys.Domain.csproj", "{94AECAD3-E616-43C4-91D5-8E433D5B203A}"
EndProject
Project("{FAE04EC0-301F-11D3-BF4B-00C04F79EFBC}") = "Certsys.Services", "..\Certsys.Services\Certsys.Services.csproj", "{EEDA61EA-8CEA-4735-8FF3-858EBDB775E9}"
EndProject
Global
	GlobalSection(SolutionConfigurationPlatforms) = preSolution
		Debug|Any CPU = Debug|Any CPU
		Debug|ARM = Debug|ARM
		Debug|ARM64 = Debug|ARM64
		Debug|x64 = Debug|x64
		Debug|x86 = Debug|x86
		Release|Any CPU = Release|Any CPU
		Release|ARM = Release|ARM
		Release|ARM64 = Release|ARM64
		Release|x64 = Release|x64
		Release|x86 = Release|x86
	EndGlobalSection
	GlobalSection(ProjectConfigurationPlatforms) = postSolution
		{6250C3E5-24A4-4F18-B1B9-DA5B97CF7086}.Debug|Any CPU.ActiveCfg = Debug|Any CPU
		{6250C3E5-24A4-4F18-B1B9-DA5B97CF7086}.Debug|Any CPU.Build.0 = Debug|Any CPU
		{6250C3E5-24A4-4F18-B1B9-DA5B97CF7086}.Debug|ARM.ActiveCfg = Debug|Any CPU
		{6250C3E5-24A4-4F18-B1B9-DA5B97CF7086}.Debug|ARM.Build.0 = Debug|Any CPU
		{6250C3E5-24A4-4F18-B1B9-DA5B97CF7086}.Debug|ARM64.ActiveCfg = Debug|Any CPU
		{6250C3E5-24A4-4F18-B1B9-DA5B97CF7086}.Debug|ARM64.Build.0 = Debug|Any CPU
		{6250C3E5-24A4-4F18-B1B9-DA5B97CF7086}.Debug|x64.ActiveCfg = Debug|Any CPU
		{6250C3E5-24A4-4F18-B1B9-DA5B97CF7086}.Debug|x64.Build.0 = Debug|Any CPU
		{6250C3E5-24A4-4F18-B1B9-DA5B97CF7086}.Debug|x86.ActiveCfg = Debug|Any CPU
		{6250C3E5-24A4-4F18-B1B9-DA5B97CF7086}.Debug|x86.Build.0 = Debug|Any CPU
		{6250C3E5-24A4-4F18-B1B9-DA5B97CF7086}.Release|Any CPU.ActiveCfg = Release|Any CPU
		{6250C3E5-24A4-4F18-B1B9-DA5B97CF7086}.Release|Any CPU.Build.0 = Release|Any CPU
		{6250C3E5-24A4-4F18-B1B9-DA5B97CF7086}.Release|ARM.ActiveCfg = Release|Any CPU
		{6250C3E5-24A4-4F18-B1B9-DA5B97CF7086}.Release|ARM.Build.0 = Release|Any CPU
		{6250C3E5-24A4-4F18-B1B9-DA5B97CF7086}.Release|ARM64.ActiveCfg = Release|Any CPU
		{6250C3E5-24A4-4F18-B1B9-DA5B97CF7086}.Release|ARM64.Build.0 = Release|Any CPU
		{6250C3E5-24A4-4F18-B1B9-DA5B97CF7086}.Release|x64.ActiveCfg = Release|Any CPU
		{6250C3E5-24A4-4F18-B1B9-DA5B97CF7086}.Release|x64.Build.0 = Release|Any CPU
		{6250C3E5-24A4-4F18-B1B9-DA5B97CF7086}.Release|x86.ActiveCfg = Release|Any CPU
		{6250C3E5-24A4-4F18-B1B9-DA5B97CF7086}.Release|x86.Build.0 = Release|Any CPU
		{D41C6CD2-74CB-460D-9910-7DC38D348953}.Debug|Any CPU.ActiveCfg = Debug|Any CPU
		{D41C6CD2-74CB-460D-9910-7DC38D348953}.Debug|Any CPU.Build.0 = Debug|Any CPU
		{D41C6CD2-74CB-460D-9910-7DC38D348953}.Debug|ARM.ActiveCfg = Debug|Any CPU
		{D41C6CD2-74CB-460D-9910-7DC38D348953}.Debug|ARM.Build.0 = Debug|Any CPU
		{D41C6CD2-74CB-460D-9910-7DC38D348953}.Debug|ARM64.ActiveCfg = Debug|Any CPU
		{D41C6CD2-74CB-460D-9910-7DC38D348953}.Debug|ARM64.Build.0 = Debug|Any CPU
		{D41C6CD2-74CB-460D-9910-7DC38D348953}.Debug|x64.ActiveCfg = Debug|Any CPU
		{D41C6CD2-74CB-460D-9910-7DC38D348953}.Debug|x64.Build.0 = Debug|Any CPU
		{D41C6CD2-74CB-460D-9910-7DC38D348953}.Debug|x86.ActiveCfg = Debug|Any CPU
		{D41C6CD2-74CB-460D-9910-7DC38D348953}.Debug|x86.Build.0 = Debug|Any CPU
		{D41C6CD2-74CB-460D-9910-7DC38D348953}.Release|Any CPU.ActiveCfg = Release|Any CPU
		{D41C6CD2-74CB-460D-9910-7DC38D348953}.Release|Any CPU.Build.0 = Release|Any CPU
		{D41C6CD2-74CB-460D-9910-7DC38D348953}.Release|ARM.ActiveCfg = Release|Any CPU
		{D41C6CD2-74CB-460D-9910-7DC38D348953}.Release|ARM.Build.0 = Release|Any CPU
		{D41C6CD2-74CB-460D-9910-7DC38D348953}.Release|ARM64.ActiveCfg = Release|Any CPU
		{D41C6CD2-74CB-460D-9910-7DC38D348953}.Release|ARM64.Build.0 = Release|Any CPU
		{D41C6CD2-74CB-460D-9910-7DC38D348953}.Release|x64.ActiveCfg = Release|Any CPU
		{D41C6CD2-74CB-460D-9910-7DC38D348953}.Release|x64.Build.0 = Release|Any CPU
		{D41C6CD2-74CB-460D-9910-7DC38D348953}.Release|x86.ActiveCfg = Release|Any CPU
		{D41C6CD2-74CB-460D-9910-7DC38D348953}.Release|x86.Build.0 = Release|Any CPU
		{A53E41CA-2ABF-4358-AF50-852035A5A3CE}.Debug|Any CPU.ActiveCfg = Debug|Any CPU
		{A53E41CA-2ABF-4358-AF50-852035A5A3CE}.Debug|Any CPU.Build.0 = Debug|Any CPU
		{A53E41CA-2ABF-4358-AF50-852035A5A3CE}.Debug|ARM.ActiveCfg = Debug|Any CPU
		{A53E41CA-2ABF-4358-AF50-852035A5A3CE}.Debug|ARM.Build.0 = Debug|Any CPU
		{A53E41CA-2ABF-4358-AF50-852035A5A3CE}.Debug|ARM64.ActiveCfg = Debug|Any CPU
		{A53E41CA-2ABF-4358-AF50-852035A5A3CE}.Debug|ARM64.Build.0 = Debug|Any CPU
		{A53E41CA-2ABF-4358-AF50-852035A5A3CE}.Debug|x64.ActiveCfg = Debug|Any CPU
		{A53E41CA-2ABF-4358-AF50-852035A5A3CE}.Debug|x64.Build.0 = Debug|Any CPU
		{A53E41CA-2ABF-4358-AF50-852035A5A3CE}.Debug|x86.ActiveCfg = Debug|Any CPU
		{A53E41CA-2ABF-4358-AF50-852035A5A3CE}.Debug|x86.Build.0 = Debug|Any CPU
		{A53E41CA-2ABF-4358-AF50-852035A5A3CE}.Release|Any CPU.ActiveCfg = Release|Any CPU
		{A53E41CA-2ABF-4358-AF50-852035A5A3CE}.Release|Any CPU.Build.0 = Release|Any CPU
		{A53E41CA-2ABF-4358-AF50-852035A5A3CE}.Release|ARM.ActiveCfg = Release|Any CPU
		{A53E41CA-2ABF-4358-AF50-852035A5A3CE}.Release|ARM.Build.0 = Release|Any CPU
		{A53E41CA-2ABF-4358-AF50-852035A5A3CE}.Release|ARM64.ActiveCfg = Release|Any CPU
		{A53E41CA-2ABF-4358-AF50-852035A5A3CE}.Release|ARM64.Build.0 = Release|Any CPU
		{A53E41CA-2ABF-4358-AF50-852035A5A3CE}.Release|x64.ActiveCfg = Release|Any CPU
		{A53E41CA-2ABF-4358-AF50-852035A5A3CE}.Release|x64.Build.0 = Release|Any CPU
		{A53E41CA-2ABF-4358-AF50-852035A5A3CE}.Release|x86.ActiveCfg = Release|Any CPU
		{A53E41CA-2ABF-4358-AF50-852035A5A3CE}.Release|x86.Build.0 = Release|Any CPU
		{94AECAD3-E616-43C4-91D5-8E433D5B203A}.Debug|Any CPU.ActiveCfg = Debug|Any CPU
		{94AECAD3-E616-43C4-91D5-8E433D5B203A}.Debug|Any CPU.Build.0 = Debug|Any CPU
		{94AECAD3-E616-43C4-91D5-8E433D5B203A}.Debug|ARM.ActiveCfg = Debug|Any CPU
		{94AECAD3-E616-43C4-91D5-8E433D5B203A}.Debug|ARM.Build.0 = Debug|Any CPU
		{94AECAD3-E616-43C4-91D5-8E433D5B203A}.Debug|ARM64.ActiveCfg = Debug|Any CPU
		{94AECAD3-E616-43C4-91D5-8E433D5B203A}.Debug|ARM64.Build.0 = Debug|Any CPU
		{94AECAD3-E616-43C4-91D5-8E433D5B203A}.Debug|x64.ActiveCfg = Debug|Any CPU
		{94AECAD3-E616-43C4-91D5-8E433D5B203A}.Debug|x64.Build.0 = Debug|Any CPU
		{94AECAD3-E616-43C4-91D5-8E433D5B203A}.Debug|x86.ActiveCfg = Debug|Any CPU
		{94AECAD3-E616-43C4-91D5-8E433D5B203A}.Debug|x86.Build.0 = Debug|Any CPU
		{94AECAD3-E616-43C4-91D5-8E433D5B203A}.Release|Any CPU.ActiveCfg = Release|Any CPU
		{94AECAD3-E616-43C4-91D5-8E433D5B203A}.Release|Any CPU.Build.0 = Release|Any CPU
		{94AECAD3-E616-43C4-91D5-8E433D5B203A}.Release|ARM.ActiveCfg = Release|Any CPU
		{94AECAD3-E616-43C4-91D5-8E433D5B203A}.Release|ARM.Build.0 = Release|Any CPU
		{94AECAD3-E616-43C4-91D5-8E433D5B203A}.Release|ARM64.ActiveCfg = Release|Any CPU
		{94AECAD3-E616-43C4-91D5-8E433D5B203A}.Release|ARM64.Build.0 = Release|Any CPU
		{94AECAD3-E616-43C4-91D5-8E433D5B203A}.Release|x64.ActiveCfg = Release|Any CPU
		{94AECAD3-E616-43C4-91D5-8E433D5B203A}.Release|x64.Build.0 = Release|Any CPU
		{94AECAD3-E616-43C4-91D5-8E433D5B203A}.Release|x86.ActiveCfg = Release|Any CPU
		{94AECAD3-E616-43C4-91D5-8E433D5B203A}.Release|x86.Build.0 = Release|Any CPU
		{EEDA61EA-8CEA-4735-8FF3-858EBDB775E9}.Debug|Any CPU.ActiveCfg = Debug|Any CPU
		{EEDA61EA-8CEA-4735-8FF3-858EBDB775E9}.Debug|Any CPU.Build.0 = Debug|Any CPU
		{EEDA61EA-8CEA-4735-8FF3-858EBDB775E9}.Debug|ARM.ActiveCfg = Debug|Any CPU
		{EEDA61EA-8CEA-4735-8FF3-858EBDB775E9}.Debug|ARM.Build.0 = Debug|Any CPU
		{EEDA61EA-8CEA-4735-8FF3-858EBDB775E9}.Debug|ARM64.ActiveCfg = Debug|Any CPU
		{EEDA61EA-8CEA-4735-8FF3-858EBDB775E9}.Debug|ARM64.Build.0 = Debug|Any CPU
		{EEDA61EA-8CEA-4735-8FF3-858EBDB775E9}.Debug|x64.ActiveCfg = Debug|Any CPU
		{EEDA61EA-8CEA-4735-8FF3-858EBDB775E9}.Debug|x64.Build.0 = Debug|Any CPU
		{EEDA61EA-8CEA-4735-8FF3-858EBDB775E9}.Debug|x86.ActiveCfg = Debug|Any CPU
		{EEDA61EA-8CEA-4735-8FF3-858EBDB775E9}.Debug|x86.Build.0 = Debug|Any CPU
		{EEDA61EA-8CEA-4735-8FF3-858EBDB775E9}.Release|Any CPU.ActiveCfg = Release|Any CPU
		{EEDA61EA-8CEA-4735-8FF3-858EBDB775E9}.Release|Any CPU.Build.0 = Release|Any CPU
		{EEDA61EA-8CEA-4735-8FF3-858EBDB775E9}.Release|ARM.ActiveCfg = Release|Any CPU
		{EEDA61EA-8CEA-4735-8FF3-858EBDB775E9}.Release|ARM.Build.0 = Release|Any CPU
		{EEDA61EA-8CEA-4735-8FF3-858EBDB775E9}.Release|ARM64.ActiveCfg = Release|Any CPU
		{EEDA61EA-8CEA-4735-8FF3-858EBDB775E9}.Release|ARM64.Build.0 = Release|Any CPU
		{EEDA61EA-8CEA-4735-8FF3-858EBDB775E9}.Release|x64.ActiveCfg = Release|Any CPU
		{EEDA61EA-8CEA-4735-8FF3-858EBDB775E9}.Release|x64.Build.0 = Release|Any CPU
		{EEDA61EA-8CEA-4735-8FF3-858EBDB775E9}.Release|x86.ActiveCfg = Release|Any CPU
		{EEDA61EA-8CEA-4735-8FF3-858EBDB775E9}.Release|x86.Build.0 = Release|Any CPU
	EndGlobalSection
	GlobalSection(SolutionProperties) = preSolution
		HideSolutionNode = FALSE
	EndGlobalSection
	GlobalSection(ExtensibilityGlobals) = postSolution
		SolutionGuid = {BF7772EF-184D-41F9-8E93-40F00F41F006}
	EndGlobalSection
EndGlobal
